// !$*UTF8*$!
{
	archiveVersion = 1;
	classes = {
	};
	objectVersion = 46;
	objects = {

/* Begin PBXBuildFile section */
		AD0E2DF21B14104E00535139 /* libsqlite3.dylib in Frameworks */ = {isa = PBXBuildFile; fileRef = AD0E2DF11B14104E00535139 /* libsqlite3.dylib */; };
		AD15F26C1B67EE86003A010D /* ApplicationSetup.m in Sources */ = {isa = PBXBuildFile; fileRef = AD15F26B1B67EE86003A010D /* ApplicationSetup.m */; };
		AD15F26E1B6817B3003A010D /* init_plants_old.txt in Resources */ = {isa = PBXBuildFile; fileRef = AD15F26D1B6817B3003A010D /* init_plants_old.txt */; };
		AD1A91BA1AF434DA00DC0983 /* main.m in Sources */ = {isa = PBXBuildFile; fileRef = AD1A91B91AF434DA00DC0983 /* main.m */; };
		AD1A91C51AF434DA00DC0983 /* Images.xcassets in Resources */ = {isa = PBXBuildFile; fileRef = AD1A91C41AF434DA00DC0983 /* Images.xcassets */; };
		AD1A91C81AF434DA00DC0983 /* LaunchScreen.xib in Resources */ = {isa = PBXBuildFile; fileRef = AD1A91C61AF434DA00DC0983 /* LaunchScreen.xib */; };
		AD1A91D41AF434DA00DC0983 /* SqftGardenAppTests.m in Sources */ = {isa = PBXBuildFile; fileRef = AD1A91D31AF434DA00DC0983 /* SqftGardenAppTests.m */; };
		AD1A91F61AF43FA900DC0983 /* ic_burger_44.png in Resources */ = {isa = PBXBuildFile; fileRef = AD1A91F51AF43FA900DC0983 /* ic_burger_44.png */; };
		AD2BB4FF1B025EC300E1541C /* SelectPlantView.m in Sources */ = {isa = PBXBuildFile; fileRef = AD2BB4FE1B025EC300E1541C /* SelectPlantView.m */; };
		AD3449681BA482F100E1DB4B /* ic_herb_flat_256px.png in Resources */ = {isa = PBXBuildFile; fileRef = AD3449621BA482F100E1DB4B /* ic_herb_flat_256px.png */; };
		AD3449691BA482F100E1DB4B /* ic_leafy_flat_256px.png in Resources */ = {isa = PBXBuildFile; fileRef = AD3449631BA482F100E1DB4B /* ic_leafy_flat_256px.png */; };
		AD34496A1BA482F100E1DB4B /* ic_bean_flat_256px.png in Resources */ = {isa = PBXBuildFile; fileRef = AD3449641BA482F100E1DB4B /* ic_bean_flat_256px.png */; };
		AD34496B1BA482F100E1DB4B /* ic_pepper_flat_256px.png in Resources */ = {isa = PBXBuildFile; fileRef = AD3449651BA482F100E1DB4B /* ic_pepper_flat_256px.png */; };
		AD34496C1BA482F100E1DB4B /* ic_eggplant_flat_256px.png in Resources */ = {isa = PBXBuildFile; fileRef = AD3449661BA482F100E1DB4B /* ic_eggplant_flat_256px.png */; };
		AD34496D1BA482F100E1DB4B /* ic_onion_flat_256px.png in Resources */ = {isa = PBXBuildFile; fileRef = AD3449671BA482F100E1DB4B /* ic_onion_flat_256px.png */; };
		AD3A38C11BA61D8600FC0528 /* ic_cancel_256px.png in Resources */ = {isa = PBXBuildFile; fileRef = AD3A38C01BA61D8600FC0528 /* ic_cancel_256px.png */; };
		AD4B98D21B0E355100EF6F96 /* DBManager.m in Sources */ = {isa = PBXBuildFile; fileRef = AD4B98D11B0E355100EF6F96 /* DBManager.m */; };
		AD56F3F81B8A2A170094BD99 /* SizeBedViewController.m in Sources */ = {isa = PBXBuildFile; fileRef = AD56F3F71B8A2A170094BD99 /* SizeBedViewController.m */; };
		AD71D4B21BA4A2A4005848AB /* ic_carrot_flat_256px.png in Resources */ = {isa = PBXBuildFile; fileRef = AD71D4B01BA4A2A4005848AB /* ic_carrot_flat_256px.png */; };
		AD71D4B31BA4A2A4005848AB /* ic_cucumber_flat_256px.png in Resources */ = {isa = PBXBuildFile; fileRef = AD71D4B11BA4A2A4005848AB /* ic_cucumber_flat_256px.png */; };
		AD967E9E1BA0A409009D7546 /* init_plants.txt in Resources */ = {isa = PBXBuildFile; fileRef = AD967E9D1BA0A409009D7546 /* init_plants.txt */; };
		AD967EA11BA0E481009D7546 /* ClassIconView.m in Sources */ = {isa = PBXBuildFile; fileRef = AD967EA01BA0E481009D7546 /* ClassIconView.m */; };
		ADA752081B06B6E300C56F5F /* ic_bean_256.png in Resources */ = {isa = PBXBuildFile; fileRef = ADA751FC1B06B6E300C56F5F /* ic_bean_256.png */; };
		ADA752091B06B6E300C56F5F /* ic_cereal_wheat_256.png in Resources */ = {isa = PBXBuildFile; fileRef = ADA751FD1B06B6E300C56F5F /* ic_cereal_wheat_256.png */; };
		ADA7520A1B06B6E300C56F5F /* ic_fruit_strawberry_256.png in Resources */ = {isa = PBXBuildFile; fileRef = ADA751FE1B06B6E300C56F5F /* ic_fruit_strawberry_256.png */; };
		ADA7520B1B06B6E300C56F5F /* ic_vegetable_cabbage_256.png in Resources */ = {isa = PBXBuildFile; fileRef = ADA751FF1B06B6E300C56F5F /* ic_vegetable_cabbage_256.png */; };
		ADA7520C1B06B6E300C56F5F /* ic_vegetable_capsicum_256.png in Resources */ = {isa = PBXBuildFile; fileRef = ADA752001B06B6E300C56F5F /* ic_vegetable_capsicum_256.png */; };
		ADA7520D1B06B6E300C56F5F /* ic_vegetable_carrot_256.png in Resources */ = {isa = PBXBuildFile; fileRef = ADA752011B06B6E300C56F5F /* ic_vegetable_carrot_256.png */; };
		ADA7520E1B06B6E300C56F5F /* ic_vegetable_chilly_256.png in Resources */ = {isa = PBXBuildFile; fileRef = ADA752021B06B6E300C56F5F /* ic_vegetable_chilly_256.png */; };
		ADA7520F1B06B6E300C56F5F /* ic_vegetable_onion_256.png in Resources */ = {isa = PBXBuildFile; fileRef = ADA752031B06B6E300C56F5F /* ic_vegetable_onion_256.png */; };
		ADA752101B06B6E300C56F5F /* ic_vegetable_radish_256.png in Resources */ = {isa = PBXBuildFile; fileRef = ADA752041B06B6E300C56F5F /* ic_vegetable_radish_256.png */; };
		ADA752111B06B6E300C56F5F /* ic_vegetable_tomato_01_256.png in Resources */ = {isa = PBXBuildFile; fileRef = ADA752051B06B6E300C56F5F /* ic_vegetable_tomato_01_256.png */; };
		ADA752121B06B6E300C56F5F /* ic_vegetable_tomato_02_256.png in Resources */ = {isa = PBXBuildFile; fileRef = ADA752061B06B6E300C56F5F /* ic_vegetable_tomato_02_256.png */; };
		ADA752131B06B6E300C56F5F /* ic_vegetable_brinjal_256.png in Resources */ = {isa = PBXBuildFile; fileRef = ADA752071B06B6E300C56F5F /* ic_vegetable_brinjal_256.png */; };
		ADCC872C1B03B202003F1A08 /* PlantIconView.m in Sources */ = {isa = PBXBuildFile; fileRef = ADCC872B1B03B202003F1A08 /* PlantIconView.m */; };
		ADCC872F1B03B455003F1A08 /* BedDetailViewController.m in Sources */ = {isa = PBXBuildFile; fileRef = ADCC872E1B03B455003F1A08 /* BedDetailViewController.m */; };
		ADCC87321B03C06D003F1A08 /* MainNavigationController.m in Sources */ = {isa = PBXBuildFile; fileRef = ADCC87311B03C06D003F1A08 /* MainNavigationController.m */; };
		ADCC87351B04ED4C003F1A08 /* ApplicationGlobals.m in Sources */ = {isa = PBXBuildFile; fileRef = ADCC87341B04ED4C003F1A08 /* ApplicationGlobals.m */; };
		ADD364BE1B9F829C00F3B652 /* init_plant_classes.txt in Resources */ = {isa = PBXBuildFile; fileRef = ADD364BD1B9F829C00F3B652 /* init_plant_classes.txt */; };
		ADD364C01B9FC78F00F3B652 /* ic_vegetable_cucumber_256.png in Resources */ = {isa = PBXBuildFile; fileRef = ADD364BF1B9FC78F00F3B652 /* ic_vegetable_cucumber_256.png */; };
		ADD47F231AF44A5700D7E26F /* ButtonHandler.m in Sources */ = {isa = PBXBuildFile; fileRef = ADD47F1A1AF44A5700D7E26F /* ButtonHandler.m */; };
		ADD47F241AF44A5700D7E26F /* DisplayContentSegue.m in Sources */ = {isa = PBXBuildFile; fileRef = ADD47F1C1AF44A5700D7E26F /* DisplayContentSegue.m */; };
		ADD47F251AF44A5700D7E26F /* EditBedViewController.m in Sources */ = {isa = PBXBuildFile; fileRef = ADD47F1E1AF44A5700D7E26F /* EditBedViewController.m */; };
		ADD47F261AF44A5700D7E26F /* MenuDrawViewController.m in Sources */ = {isa = PBXBuildFile; fileRef = ADD47F201AF44A5700D7E26F /* MenuDrawViewController.m */; };
		ADD47F271AF44A5700D7E26F /* MenuViewController.m in Sources */ = {isa = PBXBuildFile; fileRef = ADD47F221AF44A5700D7E26F /* MenuViewController.m */; };
		ADD47F291AF44A7A00D7E26F /* Main.storyboard in Resources */ = {isa = PBXBuildFile; fileRef = ADD47F281AF44A7A00D7E26F /* Main.storyboard */; };
		ADD47F2C1AF44AB100D7E26F /* AppDelegate.m in Sources */ = {isa = PBXBuildFile; fileRef = ADD47F2B1AF44AB100D7E26F /* AppDelegate.m */; };
		ADD47F2F1AF44E8700D7E26F /* BedView.m in Sources */ = {isa = PBXBuildFile; fileRef = ADD47F2E1AF44E8700D7E26F /* BedView.m */; };
		ADE704221B826DA0002ABC74 /* SqftGardenModel.m in Sources */ = {isa = PBXBuildFile; fileRef = ADE704211B826DA0002ABC74 /* SqftGardenModel.m */; };
		ADE704261B83B899002ABC74 /* OpenGardenNavigationController.m in Sources */ = {isa = PBXBuildFile; fileRef = ADE704251B83B899002ABC74 /* OpenGardenNavigationController.m */; };
		ADE704291B83E8C5002ABC74 /* SaveGardenViewController.m in Sources */ = {isa = PBXBuildFile; fileRef = ADE704281B83E8C5002ABC74 /* SaveGardenViewController.m */; };
		ADE7042C1B85515D002ABC74 /* UITextView+FileProperties.m in Sources */ = {isa = PBXBuildFile; fileRef = ADE7042B1B85515D002ABC74 /* UITextView+FileProperties.m */; };
		ADE78D9D1B6D8CDD00B5D320 /* OpenBedViewController.m in Sources */ = {isa = PBXBuildFile; fileRef = ADE78D9C1B6D8CDD00B5D320 /* OpenBedViewController.m */; };
/* End PBXBuildFile section */

/* Begin PBXContainerItemProxy section */
		AD1A91CE1AF434DA00DC0983 /* PBXContainerItemProxy */ = {
			isa = PBXContainerItemProxy;
			containerPortal = AD1A91AC1AF434DA00DC0983 /* Project object */;
			proxyType = 1;
			remoteGlobalIDString = AD1A91B31AF434DA00DC0983;
			remoteInfo = SqftGardenApp;
		};
/* End PBXContainerItemProxy section */

/* Begin PBXFileReference section */
		AD0E2DF11B14104E00535139 /* libsqlite3.dylib */ = {isa = PBXFileReference; lastKnownFileType = "compiled.mach-o.dylib"; name = libsqlite3.dylib; path = usr/lib/libsqlite3.dylib; sourceTree = SDKROOT; };
		AD15F26A1B67EE77003A010D /* ApplicationSetup.h */ = {isa = PBXFileReference; lastKnownFileType = sourcecode.c.h; path = ApplicationSetup.h; sourceTree = "<group>"; };
		AD15F26B1B67EE86003A010D /* ApplicationSetup.m */ = {isa = PBXFileReference; fileEncoding = 4; lastKnownFileType = sourcecode.c.objc; path = ApplicationSetup.m; sourceTree = "<group>"; };
		AD15F26D1B6817B3003A010D /* init_plants_old.txt */ = {isa = PBXFileReference; fileEncoding = 4; lastKnownFileType = text; name = init_plants_old.txt; path = ../../../Documents/init_plants_old.txt; sourceTree = "<group>"; };
		AD1A91B41AF434DA00DC0983 /* SqftGardenApp.app */ = {isa = PBXFileReference; explicitFileType = wrapper.application; includeInIndex = 0; path = SqftGardenApp.app; sourceTree = BUILT_PRODUCTS_DIR; };
		AD1A91B81AF434DA00DC0983 /* Info.plist */ = {isa = PBXFileReference; lastKnownFileType = text.plist.xml; path = Info.plist; sourceTree = "<group>"; };
		AD1A91B91AF434DA00DC0983 /* main.m */ = {isa = PBXFileReference; lastKnownFileType = sourcecode.c.objc; path = main.m; sourceTree = "<group>"; };
		AD1A91C41AF434DA00DC0983 /* Images.xcassets */ = {isa = PBXFileReference; lastKnownFileType = folder.assetcatalog; path = Images.xcassets; sourceTree = "<group>"; };
		AD1A91C71AF434DA00DC0983 /* Base */ = {isa = PBXFileReference; lastKnownFileType = file.xib; name = Base; path = Base.lproj/LaunchScreen.xib; sourceTree = "<group>"; };
		AD1A91CD1AF434DA00DC0983 /* SqftGardenAppTests.xctest */ = {isa = PBXFileReference; explicitFileType = wrapper.cfbundle; includeInIndex = 0; path = SqftGardenAppTests.xctest; sourceTree = BUILT_PRODUCTS_DIR; };
		AD1A91D21AF434DA00DC0983 /* Info.plist */ = {isa = PBXFileReference; lastKnownFileType = text.plist.xml; path = Info.plist; sourceTree = "<group>"; };
		AD1A91D31AF434DA00DC0983 /* SqftGardenAppTests.m */ = {isa = PBXFileReference; lastKnownFileType = sourcecode.c.objc; path = SqftGardenAppTests.m; sourceTree = "<group>"; };
		AD1A91F51AF43FA900DC0983 /* ic_burger_44.png */ = {isa = PBXFileReference; lastKnownFileType = image.png; path = ic_burger_44.png; sourceTree = "<group>"; };
		AD2BB4FD1B025EB000E1541C /* SelectPlantView.h */ = {isa = PBXFileReference; lastKnownFileType = sourcecode.c.h; path = SelectPlantView.h; sourceTree = "<group>"; };
		AD2BB4FE1B025EC300E1541C /* SelectPlantView.m */ = {isa = PBXFileReference; fileEncoding = 4; lastKnownFileType = sourcecode.c.objc; path = SelectPlantView.m; sourceTree = "<group>"; };
		AD3449621BA482F100E1DB4B /* ic_herb_flat_256px.png */ = {isa = PBXFileReference; lastKnownFileType = image.png; name = ic_herb_flat_256px.png; path = ../../../Documents/sqftGardenAssets/ic_herb_flat_256px.png; sourceTree = "<group>"; };
		AD3449631BA482F100E1DB4B /* ic_leafy_flat_256px.png */ = {isa = PBXFileReference; lastKnownFileType = image.png; name = ic_leafy_flat_256px.png; path = ../../../Documents/sqftGardenAssets/ic_leafy_flat_256px.png; sourceTree = "<group>"; };
		AD3449641BA482F100E1DB4B /* ic_bean_flat_256px.png */ = {isa = PBXFileReference; lastKnownFileType = image.png; name = ic_bean_flat_256px.png; path = ../../../Documents/sqftGardenAssets/ic_bean_flat_256px.png; sourceTree = "<group>"; };
		AD3449651BA482F100E1DB4B /* ic_pepper_flat_256px.png */ = {isa = PBXFileReference; lastKnownFileType = image.png; name = ic_pepper_flat_256px.png; path = ../../../Documents/sqftGardenAssets/ic_pepper_flat_256px.png; sourceTree = "<group>"; };
		AD3449661BA482F100E1DB4B /* ic_eggplant_flat_256px.png */ = {isa = PBXFileReference; lastKnownFileType = image.png; name = ic_eggplant_flat_256px.png; path = ../../../Documents/sqftGardenAssets/ic_eggplant_flat_256px.png; sourceTree = "<group>"; };
		AD3449671BA482F100E1DB4B /* ic_onion_flat_256px.png */ = {isa = PBXFileReference; lastKnownFileType = image.png; name = ic_onion_flat_256px.png; path = ../../../Documents/sqftGardenAssets/ic_onion_flat_256px.png; sourceTree = "<group>"; };
		AD3A38C01BA61D8600FC0528 /* ic_cancel_256px.png */ = {isa = PBXFileReference; lastKnownFileType = image.png; name = ic_cancel_256px.png; path = ../../../Documents/sqftGardenAssets/ic_cancel_256px.png; sourceTree = "<group>"; };
		AD4B98D01B0E352200EF6F96 /* DBManager.h */ = {isa = PBXFileReference; lastKnownFileType = sourcecode.c.h; path = DBManager.h; sourceTree = "<group>"; };
		AD4B98D11B0E355100EF6F96 /* DBManager.m */ = {isa = PBXFileReference; fileEncoding = 4; lastKnownFileType = sourcecode.c.objc; path = DBManager.m; sourceTree = "<group>"; };
		AD56F3F61B8A29FF0094BD99 /* SizeBedViewController.h */ = {isa = PBXFileReference; lastKnownFileType = sourcecode.c.h; path = SizeBedViewController.h; sourceTree = "<group>"; };
		AD56F3F71B8A2A170094BD99 /* SizeBedViewController.m */ = {isa = PBXFileReference; fileEncoding = 4; lastKnownFileType = sourcecode.c.objc; path = SizeBedViewController.m; sourceTree = "<group>"; };
		AD71D4B01BA4A2A4005848AB /* ic_carrot_flat_256px.png */ = {isa = PBXFileReference; lastKnownFileType = image.png; name = ic_carrot_flat_256px.png; path = ../../../Documents/sqftGardenAssets/ic_carrot_flat_256px.png; sourceTree = "<group>"; };
		AD71D4B11BA4A2A4005848AB /* ic_cucumber_flat_256px.png */ = {isa = PBXFileReference; lastKnownFileType = image.png; name = ic_cucumber_flat_256px.png; path = ../../../Documents/sqftGardenAssets/ic_cucumber_flat_256px.png; sourceTree = "<group>"; };
		AD967E9D1BA0A409009D7546 /* init_plants.txt */ = {isa = PBXFileReference; fileEncoding = 4; lastKnownFileType = text; path = init_plants.txt; sourceTree = "<group>"; };
		AD967E9F1BA0E462009D7546 /* ClassIconView.h */ = {isa = PBXFileReference; lastKnownFileType = sourcecode.c.h; path = ClassIconView.h; sourceTree = "<group>"; };
		AD967EA01BA0E481009D7546 /* ClassIconView.m */ = {isa = PBXFileReference; fileEncoding = 4; lastKnownFileType = sourcecode.c.objc; path = ClassIconView.m; sourceTree = "<group>"; };
		ADA751FC1B06B6E300C56F5F /* ic_bean_256.png */ = {isa = PBXFileReference; lastKnownFileType = image.png; path = ic_bean_256.png; sourceTree = "<group>"; };
		ADA751FD1B06B6E300C56F5F /* ic_cereal_wheat_256.png */ = {isa = PBXFileReference; lastKnownFileType = image.png; path = ic_cereal_wheat_256.png; sourceTree = "<group>"; };
		ADA751FE1B06B6E300C56F5F /* ic_fruit_strawberry_256.png */ = {isa = PBXFileReference; lastKnownFileType = image.png; path = ic_fruit_strawberry_256.png; sourceTree = "<group>"; };
		ADA751FF1B06B6E300C56F5F /* ic_vegetable_cabbage_256.png */ = {isa = PBXFileReference; lastKnownFileType = image.png; path = ic_vegetable_cabbage_256.png; sourceTree = "<group>"; };
		ADA752001B06B6E300C56F5F /* ic_vegetable_capsicum_256.png */ = {isa = PBXFileReference; lastKnownFileType = image.png; path = ic_vegetable_capsicum_256.png; sourceTree = "<group>"; };
		ADA752011B06B6E300C56F5F /* ic_vegetable_carrot_256.png */ = {isa = PBXFileReference; lastKnownFileType = image.png; path = ic_vegetable_carrot_256.png; sourceTree = "<group>"; };
		ADA752021B06B6E300C56F5F /* ic_vegetable_chilly_256.png */ = {isa = PBXFileReference; lastKnownFileType = image.png; path = ic_vegetable_chilly_256.png; sourceTree = "<group>"; };
		ADA752031B06B6E300C56F5F /* ic_vegetable_onion_256.png */ = {isa = PBXFileReference; lastKnownFileType = image.png; path = ic_vegetable_onion_256.png; sourceTree = "<group>"; };
		ADA752041B06B6E300C56F5F /* ic_vegetable_radish_256.png */ = {isa = PBXFileReference; lastKnownFileType = image.png; path = ic_vegetable_radish_256.png; sourceTree = "<group>"; };
		ADA752051B06B6E300C56F5F /* ic_vegetable_tomato_01_256.png */ = {isa = PBXFileReference; lastKnownFileType = image.png; path = ic_vegetable_tomato_01_256.png; sourceTree = "<group>"; };
		ADA752061B06B6E300C56F5F /* ic_vegetable_tomato_02_256.png */ = {isa = PBXFileReference; lastKnownFileType = image.png; path = ic_vegetable_tomato_02_256.png; sourceTree = "<group>"; };
		ADA752071B06B6E300C56F5F /* ic_vegetable_brinjal_256.png */ = {isa = PBXFileReference; lastKnownFileType = image.png; path = ic_vegetable_brinjal_256.png; sourceTree = "<group>"; };
		ADCC872A1B03B1F1003F1A08 /* PlantIconView.h */ = {isa = PBXFileReference; lastKnownFileType = sourcecode.c.h; path = PlantIconView.h; sourceTree = "<group>"; };
		ADCC872B1B03B202003F1A08 /* PlantIconView.m */ = {isa = PBXFileReference; fileEncoding = 4; lastKnownFileType = sourcecode.c.objc; path = PlantIconView.m; sourceTree = "<group>"; };
		ADCC872D1B03B443003F1A08 /* BedDetailViewController.h */ = {isa = PBXFileReference; lastKnownFileType = sourcecode.c.h; path = BedDetailViewController.h; sourceTree = "<group>"; };
		ADCC872E1B03B455003F1A08 /* BedDetailViewController.m */ = {isa = PBXFileReference; fileEncoding = 4; lastKnownFileType = sourcecode.c.objc; path = BedDetailViewController.m; sourceTree = "<group>"; };
		ADCC87301B03C061003F1A08 /* MainNavigationController.h */ = {isa = PBXFileReference; lastKnownFileType = sourcecode.c.h; path = MainNavigationController.h; sourceTree = "<group>"; };
		ADCC87311B03C06D003F1A08 /* MainNavigationController.m */ = {isa = PBXFileReference; fileEncoding = 4; lastKnownFileType = sourcecode.c.objc; path = MainNavigationController.m; sourceTree = "<group>"; };
		ADCC87331B04ED3B003F1A08 /* ApplicationGlobals.h */ = {isa = PBXFileReference; lastKnownFileType = sourcecode.c.h; path = ApplicationGlobals.h; sourceTree = "<group>"; };
		ADCC87341B04ED4C003F1A08 /* ApplicationGlobals.m */ = {isa = PBXFileReference; fileEncoding = 4; lastKnownFileType = sourcecode.c.objc; path = ApplicationGlobals.m; sourceTree = "<group>"; };
		ADD364BD1B9F829C00F3B652 /* init_plant_classes.txt */ = {isa = PBXFileReference; fileEncoding = 4; lastKnownFileType = text; path = init_plant_classes.txt; sourceTree = "<group>"; };
		ADD364BF1B9FC78F00F3B652 /* ic_vegetable_cucumber_256.png */ = {isa = PBXFileReference; lastKnownFileType = image.png; name = ic_vegetable_cucumber_256.png; path = ../../../Documents/sqftGardenAssets/ic_vegetable_cucumber_256.png; sourceTree = "<group>"; };
		ADD47F191AF44A5700D7E26F /* ButtonHandler.h */ = {isa = PBXFileReference; fileEncoding = 4; lastKnownFileType = sourcecode.c.h; path = ButtonHandler.h; sourceTree = "<group>"; };
		ADD47F1A1AF44A5700D7E26F /* ButtonHandler.m */ = {isa = PBXFileReference; fileEncoding = 4; lastKnownFileType = sourcecode.c.objc; path = ButtonHandler.m; sourceTree = "<group>"; };
		ADD47F1B1AF44A5700D7E26F /* DisplayContentSegue.h */ = {isa = PBXFileReference; fileEncoding = 4; lastKnownFileType = sourcecode.c.h; path = DisplayContentSegue.h; sourceTree = "<group>"; };
		ADD47F1C1AF44A5700D7E26F /* DisplayContentSegue.m */ = {isa = PBXFileReference; fileEncoding = 4; lastKnownFileType = sourcecode.c.objc; path = DisplayContentSegue.m; sourceTree = "<group>"; };
		ADD47F1D1AF44A5700D7E26F /* EditBedViewController.h */ = {isa = PBXFileReference; fileEncoding = 4; lastKnownFileType = sourcecode.c.h; path = EditBedViewController.h; sourceTree = "<group>"; };
		ADD47F1E1AF44A5700D7E26F /* EditBedViewController.m */ = {isa = PBXFileReference; fileEncoding = 4; lastKnownFileType = sourcecode.c.objc; path = EditBedViewController.m; sourceTree = "<group>"; };
		ADD47F1F1AF44A5700D7E26F /* MenuDrawViewController.h */ = {isa = PBXFileReference; fileEncoding = 4; lastKnownFileType = sourcecode.c.h; path = MenuDrawViewController.h; sourceTree = "<group>"; };
		ADD47F201AF44A5700D7E26F /* MenuDrawViewController.m */ = {isa = PBXFileReference; fileEncoding = 4; lastKnownFileType = sourcecode.c.objc; path = MenuDrawViewController.m; sourceTree = "<group>"; };
		ADD47F211AF44A5700D7E26F /* MenuViewController.h */ = {isa = PBXFileReference; fileEncoding = 4; lastKnownFileType = sourcecode.c.h; path = MenuViewController.h; sourceTree = "<group>"; };
		ADD47F221AF44A5700D7E26F /* MenuViewController.m */ = {isa = PBXFileReference; fileEncoding = 4; lastKnownFileType = sourcecode.c.objc; path = MenuViewController.m; sourceTree = "<group>"; };
		ADD47F281AF44A7A00D7E26F /* Main.storyboard */ = {isa = PBXFileReference; fileEncoding = 4; lastKnownFileType = file.storyboard; path = Main.storyboard; sourceTree = "<group>"; };
		ADD47F2A1AF44AB100D7E26F /* AppDelegate.h */ = {isa = PBXFileReference; fileEncoding = 4; lastKnownFileType = sourcecode.c.h; path = AppDelegate.h; sourceTree = "<group>"; };
		ADD47F2B1AF44AB100D7E26F /* AppDelegate.m */ = {isa = PBXFileReference; fileEncoding = 4; lastKnownFileType = sourcecode.c.objc; path = AppDelegate.m; sourceTree = "<group>"; };
		ADD47F2D1AF44E6C00D7E26F /* BedView.h */ = {isa = PBXFileReference; lastKnownFileType = sourcecode.c.h; path = BedView.h; sourceTree = "<group>"; };
		ADD47F2E1AF44E8700D7E26F /* BedView.m */ = {isa = PBXFileReference; fileEncoding = 4; lastKnownFileType = sourcecode.c.objc; path = BedView.m; sourceTree = "<group>"; };
		ADE704211B826DA0002ABC74 /* SqftGardenModel.m */ = {isa = PBXFileReference; fileEncoding = 4; lastKnownFileType = sourcecode.c.objc; path = SqftGardenModel.m; sourceTree = "<group>"; };
		ADE704231B826DB6002ABC74 /* SqftGardenModel.h */ = {isa = PBXFileReference; lastKnownFileType = sourcecode.c.h; path = SqftGardenModel.h; sourceTree = "<group>"; };
		ADE704241B83B88B002ABC74 /* OpenGardenNavigationController.h */ = {isa = PBXFileReference; lastKnownFileType = sourcecode.c.h; path = OpenGardenNavigationController.h; sourceTree = "<group>"; };
		ADE704251B83B899002ABC74 /* OpenGardenNavigationController.m */ = {isa = PBXFileReference; fileEncoding = 4; lastKnownFileType = sourcecode.c.objc; path = OpenGardenNavigationController.m; sourceTree = "<group>"; };
		ADE704271B83E8B5002ABC74 /* SaveGardenViewController.h */ = {isa = PBXFileReference; lastKnownFileType = sourcecode.c.h; path = SaveGardenViewController.h; sourceTree = "<group>"; };
		ADE704281B83E8C5002ABC74 /* SaveGardenViewController.m */ = {isa = PBXFileReference; fileEncoding = 4; lastKnownFileType = sourcecode.c.objc; path = SaveGardenViewController.m; sourceTree = "<group>"; };
		ADE7042A1B85513E002ABC74 /* UITextView+FileProperties.h */ = {isa = PBXFileReference; lastKnownFileType = sourcecode.c.h; path = "UITextView+FileProperties.h"; sourceTree = "<group>"; };
		ADE7042B1B85515D002ABC74 /* UITextView+FileProperties.m */ = {isa = PBXFileReference; fileEncoding = 4; lastKnownFileType = sourcecode.c.objc; path = "UITextView+FileProperties.m"; sourceTree = "<group>"; };
		ADE78D9B1B6D8C5B00B5D320 /* OpenBedViewController.h */ = {isa = PBXFileReference; lastKnownFileType = sourcecode.c.h; path = OpenBedViewController.h; sourceTree = "<group>"; };
		ADE78D9C1B6D8CDD00B5D320 /* OpenBedViewController.m */ = {isa = PBXFileReference; fileEncoding = 4; lastKnownFileType = sourcecode.c.objc; path = OpenBedViewController.m; sourceTree = "<group>"; };
/* End PBXFileReference section */

/* Begin PBXFrameworksBuildPhase section */
		AD1A91B11AF434DA00DC0983 /* Frameworks */ = {
			isa = PBXFrameworksBuildPhase;
			buildActionMask = 2147483647;
			files = (
				AD0E2DF21B14104E00535139 /* libsqlite3.dylib in Frameworks */,
			);
			runOnlyForDeploymentPostprocessing = 0;
		};
		AD1A91CA1AF434DA00DC0983 /* Frameworks */ = {
			isa = PBXFrameworksBuildPhase;
			buildActionMask = 2147483647;
			files = (
			);
			runOnlyForDeploymentPostprocessing = 0;
		};
/* End PBXFrameworksBuildPhase section */

/* Begin PBXGroup section */
		AD1A91AB1AF434DA00DC0983 = {
			isa = PBXGroup;
			children = (
				AD0E2DF11B14104E00535139 /* libsqlite3.dylib */,
				AD1A91B61AF434DA00DC0983 /* SqftGardenApp */,
				AD1A91D01AF434DA00DC0983 /* SqftGardenAppTests */,
				AD1A91B51AF434DA00DC0983 /* Products */,
			);
			sourceTree = "<group>";
		};
		AD1A91B51AF434DA00DC0983 /* Products */ = {
			isa = PBXGroup;
			children = (
				AD1A91B41AF434DA00DC0983 /* SqftGardenApp.app */,
				AD1A91CD1AF434DA00DC0983 /* SqftGardenAppTests.xctest */,
			);
			name = Products;
			sourceTree = "<group>";
		};
		AD1A91B61AF434DA00DC0983 /* SqftGardenApp */ = {
			isa = PBXGroup;
			children = (
				ADE704231B826DB6002ABC74 /* SqftGardenModel.h */,
				ADE704211B826DA0002ABC74 /* SqftGardenModel.m */,
				AD56F3F61B8A29FF0094BD99 /* SizeBedViewController.h */,
				AD56F3F71B8A2A170094BD99 /* SizeBedViewController.m */,
				ADE78D9B1B6D8C5B00B5D320 /* OpenBedViewController.h */,
				ADE78D9C1B6D8CDD00B5D320 /* OpenBedViewController.m */,
				ADE704271B83E8B5002ABC74 /* SaveGardenViewController.h */,
				ADE704281B83E8C5002ABC74 /* SaveGardenViewController.m */,
				ADE7042A1B85513E002ABC74 /* UITextView+FileProperties.h */,
				ADE7042B1B85515D002ABC74 /* UITextView+FileProperties.m */,
				AD15F26A1B67EE77003A010D /* ApplicationSetup.h */,
				AD15F26B1B67EE86003A010D /* ApplicationSetup.m */,
				AD4B98D01B0E352200EF6F96 /* DBManager.h */,
				AD4B98D11B0E355100EF6F96 /* DBManager.m */,
				ADCC87331B04ED3B003F1A08 /* ApplicationGlobals.h */,
				ADCC87341B04ED4C003F1A08 /* ApplicationGlobals.m */,
				ADCC87301B03C061003F1A08 /* MainNavigationController.h */,
				ADCC87311B03C06D003F1A08 /* MainNavigationController.m */,
				ADE704241B83B88B002ABC74 /* OpenGardenNavigationController.h */,
				ADE704251B83B899002ABC74 /* OpenGardenNavigationController.m */,
				ADCC872A1B03B1F1003F1A08 /* PlantIconView.h */,
				ADCC872B1B03B202003F1A08 /* PlantIconView.m */,
				AD967E9F1BA0E462009D7546 /* ClassIconView.h */,
				AD967EA01BA0E481009D7546 /* ClassIconView.m */,
				AD2BB4FD1B025EB000E1541C /* SelectPlantView.h */,
				AD2BB4FE1B025EC300E1541C /* SelectPlantView.m */,
				ADD47F2D1AF44E6C00D7E26F /* BedView.h */,
				ADD47F2E1AF44E8700D7E26F /* BedView.m */,
				ADD47F2A1AF44AB100D7E26F /* AppDelegate.h */,
				ADD47F2B1AF44AB100D7E26F /* AppDelegate.m */,
				ADD47F191AF44A5700D7E26F /* ButtonHandler.h */,
				ADD47F1A1AF44A5700D7E26F /* ButtonHandler.m */,
				ADD47F1B1AF44A5700D7E26F /* DisplayContentSegue.h */,
				ADD47F1C1AF44A5700D7E26F /* DisplayContentSegue.m */,
				ADCC872D1B03B443003F1A08 /* BedDetailViewController.h */,
				ADCC872E1B03B455003F1A08 /* BedDetailViewController.m */,
				ADD47F1D1AF44A5700D7E26F /* EditBedViewController.h */,
				ADD47F1E1AF44A5700D7E26F /* EditBedViewController.m */,
				ADD47F1F1AF44A5700D7E26F /* MenuDrawViewController.h */,
				ADD47F201AF44A5700D7E26F /* MenuDrawViewController.m */,
				ADD47F211AF44A5700D7E26F /* MenuViewController.h */,
				ADD47F221AF44A5700D7E26F /* MenuViewController.m */,
				AD1A91C41AF434DA00DC0983 /* Images.xcassets */,
				ADD47F281AF44A7A00D7E26F /* Main.storyboard */,
				AD1A91C61AF434DA00DC0983 /* LaunchScreen.xib */,
				AD1A91B71AF434DA00DC0983 /* Supporting Files */,
			);
			path = SqftGardenApp;
			sourceTree = "<group>";
		};
		AD1A91B71AF434DA00DC0983 /* Supporting Files */ = {
			isa = PBXGroup;
			children = (
				AD71D4B01BA4A2A4005848AB /* ic_carrot_flat_256px.png */,
				AD3A38C01BA61D8600FC0528 /* ic_cancel_256px.png */,
				AD71D4B11BA4A2A4005848AB /* ic_cucumber_flat_256px.png */,
				AD3449621BA482F100E1DB4B /* ic_herb_flat_256px.png */,
				AD3449631BA482F100E1DB4B /* ic_leafy_flat_256px.png */,
				AD3449641BA482F100E1DB4B /* ic_bean_flat_256px.png */,
				AD3449651BA482F100E1DB4B /* ic_pepper_flat_256px.png */,
				AD3449661BA482F100E1DB4B /* ic_eggplant_flat_256px.png */,
				AD3449671BA482F100E1DB4B /* ic_onion_flat_256px.png */,
				AD967E9D1BA0A409009D7546 /* init_plants.txt */,
				AD15F26D1B6817B3003A010D /* init_plants_old.txt */,
				ADD364BD1B9F829C00F3B652 /* init_plant_classes.txt */,
				ADD364BF1B9FC78F00F3B652 /* ic_vegetable_cucumber_256.png */,
				ADA751FC1B06B6E300C56F5F /* ic_bean_256.png */,
				ADA751FD1B06B6E300C56F5F /* ic_cereal_wheat_256.png */,
				ADA751FE1B06B6E300C56F5F /* ic_fruit_strawberry_256.png */,
				ADA751FF1B06B6E300C56F5F /* ic_vegetable_cabbage_256.png */,
				ADA752001B06B6E300C56F5F /* ic_vegetable_capsicum_256.png */,
				ADA752011B06B6E300C56F5F /* ic_vegetable_carrot_256.png */,
				ADA752021B06B6E300C56F5F /* ic_vegetable_chilly_256.png */,
				ADA752031B06B6E300C56F5F /* ic_vegetable_onion_256.png */,
				ADA752041B06B6E300C56F5F /* ic_vegetable_radish_256.png */,
				ADA752051B06B6E300C56F5F /* ic_vegetable_tomato_01_256.png */,
				ADA752061B06B6E300C56F5F /* ic_vegetable_tomato_02_256.png */,
				ADA752071B06B6E300C56F5F /* ic_vegetable_brinjal_256.png */,
				AD1A91F51AF43FA900DC0983 /* ic_burger_44.png */,
				AD1A91B81AF434DA00DC0983 /* Info.plist */,
				AD1A91B91AF434DA00DC0983 /* main.m */,
			);
			name = "Supporting Files";
			sourceTree = "<group>";
		};
		AD1A91D01AF434DA00DC0983 /* SqftGardenAppTests */ = {
			isa = PBXGroup;
			children = (
				AD1A91D31AF434DA00DC0983 /* SqftGardenAppTests.m */,
				AD1A91D11AF434DA00DC0983 /* Supporting Files */,
			);
			path = SqftGardenAppTests;
			sourceTree = "<group>";
		};
		AD1A91D11AF434DA00DC0983 /* Supporting Files */ = {
			isa = PBXGroup;
			children = (
				AD1A91D21AF434DA00DC0983 /* Info.plist */,
			);
			name = "Supporting Files";
			sourceTree = "<group>";
		};
/* End PBXGroup section */

/* Begin PBXNativeTarget section */
		AD1A91B31AF434DA00DC0983 /* SqftGardenApp */ = {
			isa = PBXNativeTarget;
			buildConfigurationList = AD1A91D71AF434DA00DC0983 /* Build configuration list for PBXNativeTarget "SqftGardenApp" */;
			buildPhases = (
				AD1A91B01AF434DA00DC0983 /* Sources */,
				AD1A91B11AF434DA00DC0983 /* Frameworks */,
				AD1A91B21AF434DA00DC0983 /* Resources */,
			);
			buildRules = (
			);
			dependencies = (
			);
			name = SqftGardenApp;
			productName = SqftGardenApp;
			productReference = AD1A91B41AF434DA00DC0983 /* SqftGardenApp.app */;
			productType = "com.apple.product-type.application";
		};
		AD1A91CC1AF434DA00DC0983 /* SqftGardenAppTests */ = {
			isa = PBXNativeTarget;
			buildConfigurationList = AD1A91DA1AF434DA00DC0983 /* Build configuration list for PBXNativeTarget "SqftGardenAppTests" */;
			buildPhases = (
				AD1A91C91AF434DA00DC0983 /* Sources */,
				AD1A91CA1AF434DA00DC0983 /* Frameworks */,
				AD1A91CB1AF434DA00DC0983 /* Resources */,
			);
			buildRules = (
			);
			dependencies = (
				AD1A91CF1AF434DA00DC0983 /* PBXTargetDependency */,
			);
			name = SqftGardenAppTests;
			productName = SqftGardenAppTests;
			productReference = AD1A91CD1AF434DA00DC0983 /* SqftGardenAppTests.xctest */;
			productType = "com.apple.product-type.bundle.unit-test";
		};
/* End PBXNativeTarget section */

/* Begin PBXProject section */
		AD1A91AC1AF434DA00DC0983 /* Project object */ = {
			isa = PBXProject;
			attributes = {
				LastUpgradeCheck = 0610;
				ORGANIZATIONNAME = "Matthew Helm";
				TargetAttributes = {
					AD1A91B31AF434DA00DC0983 = {
						CreatedOnToolsVersion = 6.1.1;
					};
					AD1A91CC1AF434DA00DC0983 = {
						CreatedOnToolsVersion = 6.1.1;
						TestTargetID = AD1A91B31AF434DA00DC0983;
					};
				};
			};
			buildConfigurationList = AD1A91AF1AF434DA00DC0983 /* Build configuration list for PBXProject "SqftGardenApp" */;
			compatibilityVersion = "Xcode 3.2";
			developmentRegion = English;
			hasScannedForEncodings = 0;
			knownRegions = (
				en,
				Base,
			);
			mainGroup = AD1A91AB1AF434DA00DC0983;
			productRefGroup = AD1A91B51AF434DA00DC0983 /* Products */;
			projectDirPath = "";
			projectRoot = "";
			targets = (
				AD1A91B31AF434DA00DC0983 /* SqftGardenApp */,
				AD1A91CC1AF434DA00DC0983 /* SqftGardenAppTests */,
			);
		};
/* End PBXProject section */

/* Begin PBXResourcesBuildPhase section */
		AD1A91B21AF434DA00DC0983 /* Resources */ = {
			isa = PBXResourcesBuildPhase;
			buildActionMask = 2147483647;
			files = (
				ADA752111B06B6E300C56F5F /* ic_vegetable_tomato_01_256.png in Resources */,
				ADD364BE1B9F829C00F3B652 /* init_plant_classes.txt in Resources */,
				AD34496D1BA482F100E1DB4B /* ic_onion_flat_256px.png in Resources */,
				ADA752081B06B6E300C56F5F /* ic_bean_256.png in Resources */,
				AD34496C1BA482F100E1DB4B /* ic_eggplant_flat_256px.png in Resources */,
				ADA7520B1B06B6E300C56F5F /* ic_vegetable_cabbage_256.png in Resources */,
				AD3449691BA482F100E1DB4B /* ic_leafy_flat_256px.png in Resources */,
				ADD364C01B9FC78F00F3B652 /* ic_vegetable_cucumber_256.png in Resources */,
				AD71D4B31BA4A2A4005848AB /* ic_cucumber_flat_256px.png in Resources */,
				ADA7520A1B06B6E300C56F5F /* ic_fruit_strawberry_256.png in Resources */,
				ADA752131B06B6E300C56F5F /* ic_vegetable_brinjal_256.png in Resources */,
				AD3A38C11BA61D8600FC0528 /* ic_cancel_256px.png in Resources */,
				ADA7520E1B06B6E300C56F5F /* ic_vegetable_chilly_256.png in Resources */,
				ADA752091B06B6E300C56F5F /* ic_cereal_wheat_256.png in Resources */,
				ADA752101B06B6E300C56F5F /* ic_vegetable_radish_256.png in Resources */,
				AD967E9E1BA0A409009D7546 /* init_plants.txt in Resources */,
				ADA7520F1B06B6E300C56F5F /* ic_vegetable_onion_256.png in Resources */,
				ADA7520D1B06B6E300C56F5F /* ic_vegetable_carrot_256.png in Resources */,
				AD71D4B21BA4A2A4005848AB /* ic_carrot_flat_256px.png in Resources */,
				ADA7520C1B06B6E300C56F5F /* ic_vegetable_capsicum_256.png in Resources */,
				AD3449681BA482F100E1DB4B /* ic_herb_flat_256px.png in Resources */,
				AD1A91F61AF43FA900DC0983 /* ic_burger_44.png in Resources */,
				AD34496A1BA482F100E1DB4B /* ic_bean_flat_256px.png in Resources */,
				AD1A91C81AF434DA00DC0983 /* LaunchScreen.xib in Resources */,
				AD15F26E1B6817B3003A010D /* init_plants_old.txt in Resources */,
				AD34496B1BA482F100E1DB4B /* ic_pepper_flat_256px.png in Resources */,
				AD1A91C51AF434DA00DC0983 /* Images.xcassets in Resources */,
				ADA752121B06B6E300C56F5F /* ic_vegetable_tomato_02_256.png in Resources */,
				ADD47F291AF44A7A00D7E26F /* Main.storyboard in Resources */,
			);
			runOnlyForDeploymentPostprocessing = 0;
		};
		AD1A91CB1AF434DA00DC0983 /* Resources */ = {
			isa = PBXResourcesBuildPhase;
			buildActionMask = 2147483647;
			files = (
			);
			runOnlyForDeploymentPostprocessing = 0;
		};
/* End PBXResourcesBuildPhase section */

/* Begin PBXSourcesBuildPhase section */
		AD1A91B01AF434DA00DC0983 /* Sources */ = {
			isa = PBXSourcesBuildPhase;
			buildActionMask = 2147483647;
			files = (
				ADD47F231AF44A5700D7E26F /* ButtonHandler.m in Sources */,
				ADD47F271AF44A5700D7E26F /* MenuViewController.m in Sources */,
				AD56F3F81B8A2A170094BD99 /* SizeBedViewController.m in Sources */,
				AD15F26C1B67EE86003A010D /* ApplicationSetup.m in Sources */,
				AD967EA11BA0E481009D7546 /* ClassIconView.m in Sources */,
				ADCC87321B03C06D003F1A08 /* MainNavigationController.m in Sources */,
				ADE704291B83E8C5002ABC74 /* SaveGardenViewController.m in Sources */,
				ADE7042C1B85515D002ABC74 /* UITextView+FileProperties.m in Sources */,
				ADD47F2F1AF44E8700D7E26F /* BedView.m in Sources */,
				AD1A91BA1AF434DA00DC0983 /* main.m in Sources */,
				ADD47F241AF44A5700D7E26F /* DisplayContentSegue.m in Sources */,
				AD2BB4FF1B025EC300E1541C /* SelectPlantView.m in Sources */,
				ADD47F261AF44A5700D7E26F /* MenuDrawViewController.m in Sources */,
				AD4B98D21B0E355100EF6F96 /* DBManager.m in Sources */,
				ADE704221B826DA0002ABC74 /* SqftGardenModel.m in Sources */,
				ADCC87351B04ED4C003F1A08 /* ApplicationGlobals.m in Sources */,
				ADE78D9D1B6D8CDD00B5D320 /* OpenBedViewController.m in Sources */,
				ADE704261B83B899002ABC74 /* OpenGardenNavigationController.m in Sources */,
				ADCC872C1B03B202003F1A08 /* PlantIconView.m in Sources */,
				ADCC872F1B03B455003F1A08 /* BedDetailViewController.m in Sources */,
				ADD47F251AF44A5700D7E26F /* EditBedViewController.m in Sources */,
				ADD47F2C1AF44AB100D7E26F /* AppDelegate.m in Sources */,
			);
			runOnlyForDeploymentPostprocessing = 0;
		};
		AD1A91C91AF434DA00DC0983 /* Sources */ = {
			isa = PBXSourcesBuildPhase;
			buildActionMask = 2147483647;
			files = (
				AD1A91D41AF434DA00DC0983 /* SqftGardenAppTests.m in Sources */,
			);
			runOnlyForDeploymentPostprocessing = 0;
		};
/* End PBXSourcesBuildPhase section */

/* Begin PBXTargetDependency section */
		AD1A91CF1AF434DA00DC0983 /* PBXTargetDependency */ = {
			isa = PBXTargetDependency;
			target = AD1A91B31AF434DA00DC0983 /* SqftGardenApp */;
			targetProxy = AD1A91CE1AF434DA00DC0983 /* PBXContainerItemProxy */;
		};
/* End PBXTargetDependency section */

/* Begin PBXVariantGroup section */
		AD1A91C61AF434DA00DC0983 /* LaunchScreen.xib */ = {
			isa = PBXVariantGroup;
			children = (
				AD1A91C71AF434DA00DC0983 /* Base */,
			);
			name = LaunchScreen.xib;
			sourceTree = "<group>";
		};
/* End PBXVariantGroup section */

/* Begin XCBuildConfiguration section */
		AD1A91D51AF434DA00DC0983 /* Debug */ = {
			isa = XCBuildConfiguration;
			buildSettings = {
				ALWAYS_SEARCH_USER_PATHS = NO;
				CLANG_CXX_LANGUAGE_STANDARD = "gnu++0x";
				CLANG_CXX_LIBRARY = "libc++";
				CLANG_ENABLE_MODULES = YES;
				CLANG_ENABLE_OBJC_ARC = YES;
				CLANG_WARN_BOOL_CONVERSION = YES;
				CLANG_WARN_CONSTANT_CONVERSION = YES;
				CLANG_WARN_DIRECT_OBJC_ISA_USAGE = YES_ERROR;
				CLANG_WARN_EMPTY_BODY = YES;
				CLANG_WARN_ENUM_CONVERSION = YES;
				CLANG_WARN_INT_CONVERSION = YES;
				CLANG_WARN_OBJC_ROOT_CLASS = YES_ERROR;
				CLANG_WARN_UNREACHABLE_CODE = YES;
				CLANG_WARN__DUPLICATE_METHOD_MATCH = YES;
				"CODE_SIGN_IDENTITY[sdk=iphoneos*]" = "iPhone Developer";
				COPY_PHASE_STRIP = NO;
				ENABLE_STRICT_OBJC_MSGSEND = YES;
				GCC_C_LANGUAGE_STANDARD = gnu99;
				GCC_DYNAMIC_NO_PIC = NO;
				GCC_OPTIMIZATION_LEVEL = 0;
				GCC_PREPROCESSOR_DEFINITIONS = (
					"DEBUG=1",
					"$(inherited)",
				);
				GCC_SYMBOLS_PRIVATE_EXTERN = NO;
				GCC_WARN_64_TO_32_BIT_CONVERSION = YES;
				GCC_WARN_ABOUT_RETURN_TYPE = YES_ERROR;
				GCC_WARN_UNDECLARED_SELECTOR = YES;
				GCC_WARN_UNINITIALIZED_AUTOS = YES_AGGRESSIVE;
				GCC_WARN_UNUSED_FUNCTION = YES;
				GCC_WARN_UNUSED_VARIABLE = YES;
				IPHONEOS_DEPLOYMENT_TARGET = 8.1;
				MTL_ENABLE_DEBUG_INFO = YES;
				ONLY_ACTIVE_ARCH = YES;
				SDKROOT = iphoneos;
				TARGETED_DEVICE_FAMILY = "1,2";
			};
			name = Debug;
		};
		AD1A91D61AF434DA00DC0983 /* Release */ = {
			isa = XCBuildConfiguration;
			buildSettings = {
				ALWAYS_SEARCH_USER_PATHS = NO;
				CLANG_CXX_LANGUAGE_STANDARD = "gnu++0x";
				CLANG_CXX_LIBRARY = "libc++";
				CLANG_ENABLE_MODULES = YES;
				CLANG_ENABLE_OBJC_ARC = YES;
				CLANG_WARN_BOOL_CONVERSION = YES;
				CLANG_WARN_CONSTANT_CONVERSION = YES;
				CLANG_WARN_DIRECT_OBJC_ISA_USAGE = YES_ERROR;
				CLANG_WARN_EMPTY_BODY = YES;
				CLANG_WARN_ENUM_CONVERSION = YES;
				CLANG_WARN_INT_CONVERSION = YES;
				CLANG_WARN_OBJC_ROOT_CLASS = YES_ERROR;
				CLANG_WARN_UNREACHABLE_CODE = YES;
				CLANG_WARN__DUPLICATE_METHOD_MATCH = YES;
				"CODE_SIGN_IDENTITY[sdk=iphoneos*]" = "iPhone Developer";
				COPY_PHASE_STRIP = YES;
				ENABLE_NS_ASSERTIONS = NO;
				ENABLE_STRICT_OBJC_MSGSEND = YES;
				GCC_C_LANGUAGE_STANDARD = gnu99;
				GCC_WARN_64_TO_32_BIT_CONVERSION = YES;
				GCC_WARN_ABOUT_RETURN_TYPE = YES_ERROR;
				GCC_WARN_UNDECLARED_SELECTOR = YES;
				GCC_WARN_UNINITIALIZED_AUTOS = YES_AGGRESSIVE;
				GCC_WARN_UNUSED_FUNCTION = YES;
				GCC_WARN_UNUSED_VARIABLE = YES;
				IPHONEOS_DEPLOYMENT_TARGET = 8.1;
				MTL_ENABLE_DEBUG_INFO = NO;
				SDKROOT = iphoneos;
				TARGETED_DEVICE_FAMILY = "1,2";
				VALIDATE_PRODUCT = YES;
			};
			name = Release;
		};
		AD1A91D81AF434DA00DC0983 /* Debug */ = {
			isa = XCBuildConfiguration;
			buildSettings = {
				ASSETCATALOG_COMPILER_APPICON_NAME = AppIcon;
				INFOPLIST_FILE = SqftGardenApp/Info.plist;
				IPHONEOS_DEPLOYMENT_TARGET = 7.0;
				LD_RUNPATH_SEARCH_PATHS = "$(inherited) @executable_path/Frameworks";
				PRODUCT_NAME = "$(TARGET_NAME)";
				TARGETED_DEVICE_FAMILY = "1,2";
			};
			name = Debug;
		};
		AD1A91D91AF434DA00DC0983 /* Release */ = {
			isa = XCBuildConfiguration;
			buildSettings = {
				ASSETCATALOG_COMPILER_APPICON_NAME = AppIcon;
				INFOPLIST_FILE = SqftGardenApp/Info.plist;
				IPHONEOS_DEPLOYMENT_TARGET = 7.0;
				LD_RUNPATH_SEARCH_PATHS = "$(inherited) @executable_path/Frameworks";
				PRODUCT_NAME = "$(TARGET_NAME)";
				TARGETED_DEVICE_FAMILY = "1,2";
			};
			name = Release;
		};
		AD1A91DB1AF434DA00DC0983 /* Debug */ = {
			isa = XCBuildConfiguration;
			buildSettings = {
				BUNDLE_LOADER = "$(TEST_HOST)";
				FRAMEWORK_SEARCH_PATHS = (
					"$(SDKROOT)/Developer/Library/Frameworks",
					"$(inherited)",
				);
				GCC_PREPROCESSOR_DEFINITIONS = (
					"DEBUG=1",
					"$(inherited)",
				);
				INFOPLIST_FILE = SqftGardenAppTests/Info.plist;
				LD_RUNPATH_SEARCH_PATHS = "$(inherited) @executable_path/Frameworks @loader_path/Frameworks";
				PRODUCT_NAME = "$(TARGET_NAME)";
				TEST_HOST = "$(BUILT_PRODUCTS_DIR)/SqftGardenApp.app/SqftGardenApp";
			};
			name = Debug;
		};
		AD1A91DC1AF434DA00DC0983 /* Release */ = {
			isa = XCBuildConfiguration;
			buildSettings = {
				BUNDLE_LOADER = "$(TEST_HOST)";
				FRAMEWORK_SEARCH_PATHS = (
					"$(SDKROOT)/Developer/Library/Frameworks",
					"$(inherited)",
				);
				INFOPLIST_FILE = SqftGardenAppTests/Info.plist;
				LD_RUNPATH_SEARCH_PATHS = "$(inherited) @executable_path/Frameworks @loader_path/Frameworks";
				PRODUCT_NAME = "$(TARGET_NAME)";
				TEST_HOST = "$(BUILT_PRODUCTS_DIR)/SqftGardenApp.app/SqftGardenApp";
			};
			name = Release;
		};
/* End XCBuildConfiguration section */

/* Begin XCConfigurationList section */
		AD1A91AF1AF434DA00DC0983 /* Build configuration list for PBXProject "SqftGardenApp" */ = {
			isa = XCConfigurationList;
			buildConfigurations = (
				AD1A91D51AF434DA00DC0983 /* Debug */,
				AD1A91D61AF434DA00DC0983 /* Release */,
			);
			defaultConfigurationIsVisible = 0;
			defaultConfigurationName = Release;
		};
		AD1A91D71AF434DA00DC0983 /* Build configuration list for PBXNativeTarget "SqftGardenApp" */ = {
			isa = XCConfigurationList;
			buildConfigurations = (
				AD1A91D81AF434DA00DC0983 /* Debug */,
				AD1A91D91AF434DA00DC0983 /* Release */,
			);
			defaultConfigurationIsVisible = 0;
			defaultConfigurationName = Release;
		};
		AD1A91DA1AF434DA00DC0983 /* Build configuration list for PBXNativeTarget "SqftGardenAppTests" */ = {
			isa = XCConfigurationList;
			buildConfigurations = (
				AD1A91DB1AF434DA00DC0983 /* Debug */,
				AD1A91DC1AF434DA00DC0983 /* Release */,
			);
			defaultConfigurationIsVisible = 0;
			defaultConfigurationName = Release;
		};
/* End XCConfigurationList section */
	};
	rootObject = AD1A91AC1AF434DA00DC0983 /* Project object */;
}
